# Generated by pub
# See https://dart.dev/tools/pub/glossary#lockfile
packages:
  _flutterfire_internals:
    dependency: transitive
    description:
      name: _flutterfire_internals
      sha256: "7fd97426e3be10af6d09b7dfe189aca2dcdd612a2a90d11e69a0300f3c23f4ec"
      url: "https://pub.dev"
    source: hosted
    version: "1.0.6"
  archive:
    dependency: transitive
    description:
      name: archive
      sha256: f06332efd7b0886705a929c5d3b52cda4d6d0979627c1dbe9a18fc24becf50ae
      url: "https://pub.dev"
    source: hosted
    version: "2.0.13"
  args:
    dependency: transitive
    description:
      name: args
      sha256: "6ba785824030bc97154264652acfd6a2dc699cd85f6def708fb7534d23ef1348"
      url: "https://pub.dev"
    source: hosted
    version: "1.6.0"
  async:
    dependency: transitive
    description:
      name: async
      sha256: bfe67ef28df125b7dddcea62755991f807aa39a2492a23e1550161692950bbe0
      url: "https://pub.dev"
    source: hosted
    version: "2.10.0"
  awesome_dialog:
    dependency: "direct main"
    description:
      name: awesome_dialog
      sha256: ac08268b991f228fc6b8880b68ec030d2941bcc8df8b6a6551fb79f2bd36b7da
      url: "https://pub.dev"
    source: hosted
    version: "3.0.2"
  badges:
    dependency: "direct main"
    description:
      name: badges
      sha256: "727580d938b7a1ff47ea42df730d581415606b4224cfa708671c10287f8d3fe6"
      url: "https://pub.dev"
    source: hosted
    version: "2.0.3"
  boolean_selector:
    dependency: transitive
    description:
      name: boolean_selector
      sha256: "6cfb5af12253eaf2b368f07bacc5a80d1301a071c73360d746b7f2e32d762c66"
      url: "https://pub.dev"
    source: hosted
    version: "2.1.1"
  characters:
    dependency: transitive
    description:
      name: characters
      sha256: e6a326c8af69605aec75ed6c187d06b349707a27fbff8222ca9cc2cff167975c
      url: "https://pub.dev"
    source: hosted
    version: "1.2.1"
  charcode:
    dependency: transitive
    description:
      name: charcode
      sha256: fb98c0f6d12c920a02ee2d998da788bca066ca5f148492b7085ee23372b12306
      url: "https://pub.dev"
    source: hosted
    version: "1.3.1"
  clock:
    dependency: transitive
    description:
      name: clock
      sha256: cb6d7f03e1de671e34607e909a7213e31d7752be4fb66a86d29fe1eb14bfb5cf
      url: "https://pub.dev"
    source: hosted
    version: "1.1.1"
  cloud_firestore:
    dependency: "direct main"
    description:
      name: cloud_firestore
      sha256: b6e6c789009634a691372faacf3a9f2b780618edd9230690311ebf265391b7c7
      url: "https://pub.dev"
    source: hosted
    version: "4.0.3"
  cloud_firestore_platform_interface:
    dependency: transitive
    description:
      name: cloud_firestore_platform_interface
      sha256: "1f72d10dfd1a020d18fa9beff9f3ab5bd39d922290a4b8d09a239ab150df4067"
      url: "https://pub.dev"
    source: hosted
    version: "5.8.3"
  cloud_firestore_web:
    dependency: transitive
    description:
      name: cloud_firestore_web
      sha256: a5ac28b400e95863053548aa402f8d81989b8bda90cebd650f982d8051643c81
      url: "https://pub.dev"
    source: hosted
    version: "3.0.3"
  collection:
    dependency: transitive
    description:
      name: collection
      sha256: cfc915e6923fe5ce6e153b0723c753045de46de1b4d63771530504004a45fae0
      url: "https://pub.dev"
    source: hosted
    version: "1.17.0"
  convert:
    dependency: transitive
    description:
      name: convert
      sha256: "3fa83bc417e26f1d55814443a603747d48e3cdf55b2f4fea27dea8e9224dcefd"
      url: "https://pub.dev"
    source: hosted
    version: "2.1.1"
  cross_file:
    dependency: transitive
    description:
      name: cross_file
      sha256: f71079978789bc2fe78d79227f1f8cfe195b31bbd8db2399b0d15a4b96fb843b
      url: "https://pub.dev"
    source: hosted
    version: "0.3.3+2"
  crypto:
    dependency: transitive
    description:
      name: crypto
      sha256: "3ce628f3c6a7144be6c524dbb20ca5af52fa59c850c587bf5e52cd70ece8e7e8"
      url: "https://pub.dev"
    source: hosted
    version: "2.1.5"
  cupertino_icons:
    dependency: "direct main"
    description:
      name: cupertino_icons
      sha256: e35129dc44c9118cee2a5603506d823bab99c68393879edb440e0090d07586be
      url: "https://pub.dev"
    source: hosted
    version: "1.0.5"
  fake_async:
    dependency: transitive
    description:
      name: fake_async
      sha256: "511392330127add0b769b75a987850d136345d9227c6b94c96a04cf4a391bf78"
      url: "https://pub.dev"
    source: hosted
    version: "1.3.1"
  firebase_auth:
    dependency: "direct main"
    description:
      name: firebase_auth
      sha256: a0b2f3e19080e6143d9a8b42755efb7c97355ace3750239d4b699dc2ec518730
      url: "https://pub.dev"
    source: hosted
    version: "4.1.0"
  firebase_auth_platform_interface:
    dependency: transitive
    description:
      name: firebase_auth_platform_interface
      sha256: "89a7b894bd977a457f5f7f8b8aacf6246efa320444972e18cd0fe742737604a1"
      url: "https://pub.dev"
    source: hosted
    version: "6.11.0"
  firebase_auth_web:
    dependency: transitive
    description:
      name: firebase_auth_web
      sha256: a4562dbcc4e699cfeec4ac7d632156874fcc17b0c8756dd3654d331eeeaf0e09
      url: "https://pub.dev"
    source: hosted
    version: "5.1.0"
  firebase_core:
    dependency: "direct main"
    description:
      name: firebase_core
      sha256: e7efae5248305dc7dbe4eb968508f3ac7bf48eec0fa294fd7c1eaec534437ffe
      url: "https://pub.dev"
    source: hosted
    version: "2.1.1"
  firebase_core_platform_interface:
    dependency: transitive
    description:
      name: firebase_core_platform_interface
      sha256: "5fab93f5b354648efa62e7cc829c90efb68c8796eecf87e0888cae2d5f3accd4"
      url: "https://pub.dev"
    source: hosted
    version: "4.5.2"
  firebase_core_web:
    dependency: transitive
    description:
      name: firebase_core_web
      sha256: a2acf43001a7fcd2997ce6b487b17666077be507d885c9941dd870a16aef3040
      url: "https://pub.dev"
    source: hosted
    version: "2.0.1"
  firebase_storage:
    dependency: "direct main"
    description:
      name: firebase_storage
      sha256: "7ff335f682353c30bf0b22b06c52d94dcb8f710138902c03562b22fceee2860f"
      url: "https://pub.dev"
    source: hosted
    version: "11.0.3"
  firebase_storage_platform_interface:
    dependency: transitive
    description:
      name: firebase_storage_platform_interface
      sha256: "909f0dc7b6a2fd465d5bd1658de5bec452bc66c70d36a0dbb299ae37c4bdf03c"
      url: "https://pub.dev"
    source: hosted
    version: "4.1.22"
  firebase_storage_web:
    dependency: transitive
    description:
      name: firebase_storage_web
      sha256: "5fe3e13fd8595a52fec9a8f536ee8c20597c7ba1e1a62a538c2b5f4a6797c9c2"
      url: "https://pub.dev"
    source: hosted
    version: "3.3.13"
  floating_action_bubble:
    dependency: "direct main"
    description:
      name: floating_action_bubble
      sha256: "760fd392eaf01e5bccf58889ceaf98d3e90f51066a7efd426d5db5888528931a"
      url: "https://pub.dev"
    source: hosted
    version: "1.1.4"
  flutter:
    dependency: "direct main"
    description: flutter
    source: sdk
    version: "0.0.0"
  flutter_datetime_picker:
    dependency: "direct main"
    description:
      name: flutter_datetime_picker
      sha256: "8e695c63c769350e541951227c2775190ec73ceda774a315b1dc9a99d5facfe5"
      url: "https://pub.dev"
    source: hosted
    version: "1.5.1"
  flutter_hex_color:
    dependency: "direct main"
    description:
      name: flutter_hex_color
      sha256: "3b8d80200cff45557aa9ce1937d8a23ba8b0f7f183a9db678629d3beb381a423"
      url: "https://pub.dev"
    source: hosted
    version: "2.0.0"
  flutter_launcher_icons:
    dependency: "direct dev"
    description:
      name: flutter_launcher_icons
      sha256: "75fa1d3d2b0ca6a04bbaa66ba2779f208747a995c42cbf500e42f120c9217c5f"
      url: "https://pub.dev"
    source: hosted
    version: "0.8.1"
  flutter_launcher_name:
    dependency: "direct dev"
    description:
      name: flutter_launcher_name
      sha256: "046719387d31f32d504c9e15b334b64eab5832497c381033038cdf3ae24cc3e8"
      url: "https://pub.dev"
    source: hosted
    version: "0.0.1"
  flutter_login_facebook:
    dependency: "direct main"
    description:
      name: flutter_login_facebook
      sha256: d117c750aef178cd742fb4372a4d669061a4ca6d70cdd462a7b6b9bb091dea1d
      url: "https://pub.dev"
    source: hosted
    version: "1.6.2"
  flutter_plugin_android_lifecycle:
    dependency: transitive
    description:
      name: flutter_plugin_android_lifecycle
      sha256: "60fc7b78455b94e6de2333d2f95196d32cf5c22f4b0b0520a628804cb463503b"
      url: "https://pub.dev"
    source: hosted
    version: "2.0.7"
  flutter_signin_button:
    dependency: "direct main"
    description:
      name: flutter_signin_button
      sha256: a063ecc5d5308377e103c9c3a89084abf15fca4440636233af6a13abacd5dcae
      url: "https://pub.dev"
    source: hosted
    version: "2.0.0"
  flutter_test:
    dependency: "direct dev"
    description: flutter
    source: sdk
    version: "0.0.0"
  flutter_web_plugins:
    dependency: transitive
    description: flutter
    source: sdk
    version: "0.0.0"
  flutter_webview_plugin:
    dependency: transitive
    description:
      name: flutter_webview_plugin
      sha256: "158d87eed165e3491b3d74ff47bebd260ddb1b1ad4f739dd230a76d30e07302a"
      url: "https://pub.dev"
    source: hosted
    version: "0.3.11"
  font_awesome_flutter:
    dependency: "direct main"
    description:
      name: font_awesome_flutter
      sha256: "1f93e5799f0e6c882819e8393a05c6ca5226010f289190f2242ec19f3f0fdba5"
      url: "https://pub.dev"
    source: hosted
    version: "9.2.0"
  get:
    dependency: "direct main"
    description:
      name: get
      sha256: "2ba20a47c8f1f233bed775ba2dd0d3ac97b4cf32fc17731b3dfc672b06b0e92a"
      url: "https://pub.dev"
    source: hosted
    version: "4.6.5"
  github_sign_in:
    dependency: "direct main"
    description:
      name: github_sign_in
      sha256: "1e641165ed859e4c795a56f7d3f7e4ed1a79701ecb37a07814fe1da83ee9fa94"
      url: "https://pub.dev"
    source: hosted
    version: "0.0.4"
  google_sign_in:
    dependency: "direct main"
    description:
      name: google_sign_in
      sha256: d3e31052ce068d0fe2eb9975ee4409266a044592cf67737ec230be07343c6bdf
      url: "https://pub.dev"
    source: hosted
    version: "5.4.2"
  google_sign_in_android:
    dependency: transitive
    description:
      name: google_sign_in_android
      sha256: "25449f21c7c8c28520576cab82e58fbb33b11055ebf69189cf255e2611cac6da"
      url: "https://pub.dev"
    source: hosted
    version: "6.1.1"
  google_sign_in_ios:
    dependency: transitive
    description:
      name: google_sign_in_ios
      sha256: "673c0b07eb512ea7097df316a4706e6fe9ccef7c7c258761005e8aa420fe955f"
      url: "https://pub.dev"
    source: hosted
    version: "5.5.0"
  google_sign_in_platform_interface:
    dependency: transitive
    description:
      name: google_sign_in_platform_interface
      sha256: "61306213c76bb8170c3aa20017df296c0131c24d7f6c0cc7e2eeaeac34c9f457"
      url: "https://pub.dev"
    source: hosted
    version: "2.3.0"
  google_sign_in_web:
    dependency: transitive
    description:
      name: google_sign_in_web
      sha256: "5b35c221169a7b3e0fc15043ac09102ef542300ef92f2e1f05d5d8efde263af5"
      url: "https://pub.dev"
    source: hosted
    version: "0.10.2"
  graphs:
    dependency: transitive
    description:
      name: graphs
      sha256: f9e130f3259f52d26f0cfc0e964513796dafed572fa52e45d2f8d6ca14db39b2
      url: "https://pub.dev"
    source: hosted
    version: "2.2.0"
  http:
    dependency: transitive
    description:
      name: http
      sha256: "6aa2946395183537c8b880962d935877325d6a09a2867c3970c05c0fed6ac482"
      url: "https://pub.dev"
    source: hosted
    version: "0.13.5"
  http_parser:
    dependency: transitive
    description:
      name: http_parser
      sha256: "2aa08ce0341cc9b354a498388e30986515406668dbcc4f7c950c3e715496693b"
      url: "https://pub.dev"
    source: hosted
    version: "4.0.2"
  image:
    dependency: transitive
    description:
      name: image
      sha256: "3ef4d4b6eb16111f24314f6f85a8852ebb5f6f85ae51ed2bca72edc273c16734"
      url: "https://pub.dev"
    source: hosted
    version: "2.1.19"
  image_picker:
    dependency: "direct main"
    description:
      name: image_picker
      sha256: a8f2f0aed50c03230ab37e93ca2905c50b6c4097245345956eb24a88f45328cd
      url: "https://pub.dev"
    source: hosted
    version: "0.8.6"
  image_picker_android:
    dependency: transitive
    description:
      name: image_picker_android
      sha256: "822f71a53336bf1e638dbf955047080ca49ba0197f52c4fece9cf584c368648a"
      url: "https://pub.dev"
    source: hosted
    version: "0.8.5+3"
  image_picker_for_web:
    dependency: transitive
    description:
      name: image_picker_for_web
      sha256: "7d319fb74955ca46d9bf7011497860e3923bb67feebcf068f489311065863899"
      url: "https://pub.dev"
    source: hosted
    version: "2.1.10"
  image_picker_ios:
    dependency: transitive
    description:
      name: image_picker_ios
      sha256: "1768087441bd69ca632249d212c26fa8d530552d37b4896a4dd8d6781435c147"
      url: "https://pub.dev"
    source: hosted
    version: "0.8.6+1"
  image_picker_platform_interface:
    dependency: transitive
    description:
      name: image_picker_platform_interface
      sha256: "7cef2f28f4f2fef99180f636c3d446b4ccbafd6ba0fad2adc9a80c4040f656b8"
      url: "https://pub.dev"
    source: hosted
    version: "2.6.2"
  intl:
    dependency: transitive
    description:
      name: intl
      sha256: "910f85bce16fb5c6f614e117efa303e85a1731bb0081edf3604a2ae6e9a3cc91"
      url: "https://pub.dev"
    source: hosted
    version: "0.17.0"
  js:
    dependency: transitive
    description:
      name: js
      sha256: "5528c2f391ededb7775ec1daa69e65a2d61276f7552de2b5f7b8d34ee9fd4ab7"
      url: "https://pub.dev"
    source: hosted
    version: "0.6.5"
  list_ext:
    dependency: transitive
    description:
      name: list_ext
      sha256: a38869a6911830f39ace7534972d01e573e17917955b26215e54d5797eb8d5cd
      url: "https://pub.dev"
    source: hosted
    version: "1.0.6"
  matcher:
    dependency: transitive
    description:
      name: matcher
      sha256: "16db949ceee371e9b99d22f88fa3a73c4e59fd0afed0bd25fc336eb76c198b72"
      url: "https://pub.dev"
    source: hosted
    version: "0.12.13"
  material_color_utilities:
    dependency: transitive
    description:
      name: material_color_utilities
      sha256: d92141dc6fe1dad30722f9aa826c7fbc896d021d792f80678280601aff8cf724
      url: "https://pub.dev"
    source: hosted
    version: "0.2.0"
  meta:
    dependency: transitive
    description:
      name: meta
      sha256: "6c268b42ed578a53088d834796959e4a1814b5e9e164f147f580a386e5decf42"
      url: "https://pub.dev"
    source: hosted
    version: "1.8.0"
  path:
    dependency: transitive
    description:
      name: path
      sha256: db9d4f58c908a4ba5953fcee2ae317c94889433e5024c27ce74a37f94267945b
      url: "https://pub.dev"
    source: hosted
    version: "1.8.2"
  petitparser:
    dependency: transitive
    description:
      name: petitparser
      sha256: fe07f9345bf03ff0c881d1f5494e20cc40206780ca5dea86aab8037cb49af5f2
      url: "https://pub.dev"
    source: hosted
    version: "3.1.0"
  plugin_platform_interface:
    dependency: transitive
    description:
      name: plugin_platform_interface
      sha256: dbf0f707c78beedc9200146ad3cb0ab4d5da13c246336987be6940f026500d3a
      url: "https://pub.dev"
    source: hosted
    version: "2.1.3"
  quiver:
    dependency: transitive
    description:
      name: quiver
      sha256: "93982981971e812c94d4a6fa3a57b89f9ec12b38b6380cd3c1370c3b01e4580e"
      url: "https://pub.dev"
    source: hosted
    version: "3.1.0"
  rive:
    dependency: transitive
    description:
      name: rive
      sha256: "22e3755b75f4ea4492d2fecf4fc2acf1c8d0073df39781d290a20cbfe74c3760"
      url: "https://pub.dev"
    source: hosted
    version: "0.9.1"
  sky_engine:
    dependency: transitive
    description: flutter
    source: sdk
    version: "0.0.99"
  source_span:
    dependency: transitive
    description:
      name: source_span
      sha256: dd904f795d4b4f3b870833847c461801f6750a9fa8e61ea5ac53f9422b31f250
      url: "https://pub.dev"
    source: hosted
    version: "1.9.1"
  stack_trace:
    dependency: transitive
    description:
      name: stack_trace
      sha256: c3c7d8edb15bee7f0f74debd4b9c5f3c2ea86766fe4178eb2a18eb30a0bdaed5
      url: "https://pub.dev"
    source: hosted
    version: "1.11.0"
  stream_channel:
    dependency: transitive
    description:
      name: stream_channel
      sha256: "83615bee9045c1d322bbbd1ba209b7a749c2cbcdcb3fdd1df8eb488b3279c1c8"
      url: "https://pub.dev"
    source: hosted
    version: "2.1.1"
  string_scanner:
    dependency: transitive
    description:
      name: string_scanner
      sha256: "862015c5db1f3f3c4ea3b94dc2490363a84262994b88902315ed74be1155612f"
      url: "https://pub.dev"
    source: hosted
    version: "1.1.1"
  term_glyph:
    dependency: transitive
    description:
      name: term_glyph
      sha256: a29248a84fbb7c79282b40b8c72a1209db169a2e0542bce341da992fe1bc7e84
      url: "https://pub.dev"
    source: hosted
    version: "1.2.1"
  test_api:
    dependency: transitive
    description:
      name: test_api
      sha256: c9aba3b3dbfe8878845dfab5fa096eb8de7b62231baeeb1cea8e3ee81ca8c6d8
      url: "https://pub.dev"
    source: hosted
    version: "0.4.15"
  toast:
    dependency: "direct main"
    description:
      name: toast
      sha256: "12433091e3e5a25b3a25f670126e42547c9ade135de30ad9ace45d1ddccd57c9"
      url: "https://pub.dev"
    source: hosted
    version: "0.3.0"
  typed_data:
    dependency: transitive
    description:
      name: typed_data
      sha256: "26f87ade979c47a150c9eaab93ccd2bebe70a27dc0b4b29517f2904f04eb11a5"
      url: "https://pub.dev"
    source: hosted
    version: "1.3.1"
  vector_math:
    dependency: transitive
    description:
      name: vector_math
      sha256: "80b3257d1492ce4d091729e3a67a60407d227c27241d6927be0130c98e741803"
      url: "https://pub.dev"
    source: hosted
    version: "2.1.4"
  xml:
    dependency: transitive
    description:
      name: xml
      sha256: "4c4262c7dcf7b66fa8743cdfd37ccac03d6d50d3de4084b1a528de3107540752"
      url: "https://pub.dev"
    source: hosted
    version: "4.5.1"
  yaml:
    dependency: transitive
    description:
      name: yaml
      sha256: "5ec3d7ffef5a113f664e4c61c08508e23acb2d87021645468967200d684b9274"
      url: "https://pub.dev"
    source: hosted
    version: "2.2.1"
sdks:
  dart: ">=2.18.0 <3.0.0"
  flutter: ">=2.10.0"
